version = 1
revision = 3
requires-python = ">=3.10"

[[package]]
name = "d-maya"
version = "0.1.0"
source = { virtual = "." }

[package.dev-dependencies]
dev = [
    { name = "maya-stubs" },
    { name = "types-pyside2" },
]

[package.metadata]

[package.metadata.requires-dev]
dev = [
    { name = "maya-stubs", specifier = ">=0.4.2" },
    { name = "types-pyside2", specifier = ">=5.15.2.1.8" },
]

[[package]]
name = "maya-stubs"
version = "0.4.2"
source = { registry = "https://pypi.org/simple" }
sdist = { url = "https://files.pythonhosted.org/packages/83/ac/cb12a396f8dad98fa15dae801899e8d1ff39debdaa66fe81cd8d93e4d666/maya_stubs-0.4.2.tar.gz", hash = "sha256:86eb6901b4e341895c572a94c055d0248903720a42c22a9a507bdcfda52e9da0", size = 313929, upload-time = "2025-10-30T21:43:30.561Z" }
wheels = [
    { url = "https://files.pythonhosted.org/packages/fd/39/df15b423c029fe7dcdf43814f4776fb689c86e6fc48ab36af3cae63b2732/maya_stubs-0.4.2-py3-none-any.whl", hash = "sha256:2dd28457af1877293f5b7544eea5a14384ad89b5a59796847c6c68c1a44f0db9", size = 258974, upload-time = "2025-10-30T21:43:28.101Z" },
]

[[package]]
name = "types-pyside2"
version = "5.15.2.1.8"
source = { registry = "https://pypi.org/simple" }
wheels = [
    { url = "https://files.pythonhosted.org/packages/0f/13/d22cdd7bd73908767ae96572852b4d77afaaccbfd88357fa153a2e6b13c4/types_pyside2-5.15.2.1.8-py2.py3-none-any.whl", hash = "sha256:8d2d9e506b6db88d8ea6f04c56051d7567203ba630122e41de3b52e4842e6474", size = 576975, upload-time = "2025-11-01T19:30:09.336Z" },
]
